// !$*UTF8*$!
{
	archiveVersion = 1;
	classes = {
	};
	objectVersion = 46;
	objects = {

/* Begin PBXBuildFile section */
		672221BE1CA2D48800061F45 /* main.m in Sources */ = {isa = PBXBuildFile; fileRef = 672221BD1CA2D48800061F45 /* main.m */; };
		672221C11CA2D48800061F45 /* AppDelegate.m in Sources */ = {isa = PBXBuildFile; fileRef = 672221C01CA2D48800061F45 /* AppDelegate.m */; };
		672221C41CA2D48800061F45 /* ViewController.m in Sources */ = {isa = PBXBuildFile; fileRef = 672221C31CA2D48800061F45 /* ViewController.m */; };
		672221C71CA2D48800061F45 /* Main.storyboard in Resources */ = {isa = PBXBuildFile; fileRef = 672221C51CA2D48800061F45 /* Main.storyboard */; };
		672221C91CA2D48800061F45 /* Assets.xcassets in Resources */ = {isa = PBXBuildFile; fileRef = 672221C81CA2D48800061F45 /* Assets.xcassets */; };
		672221CC1CA2D48800061F45 /* LaunchScreen.storyboard in Resources */ = {isa = PBXBuildFile; fileRef = 672221CA1CA2D48800061F45 /* LaunchScreen.storyboard */; };
		672221D71CA2D48800061F45 /* _04_1Tests.m in Sources */ = {isa = PBXBuildFile; fileRef = 672221D61CA2D48800061F45 /* _04_1Tests.m */; };
		672221E21CA2D48800061F45 /* _04_1UITests.m in Sources */ = {isa = PBXBuildFile; fileRef = 672221E11CA2D48800061F45 /* _04_1UITests.m */; };
/* End PBXBuildFile section */

/* Begin PBXContainerItemProxy section */
		672221D31CA2D48800061F45 /* PBXContainerItemProxy */ = {
			isa = PBXContainerItemProxy;
			containerPortal = 672221B11CA2D48800061F45 /* Project object */;
			proxyType = 1;
			remoteGlobalIDString = 672221B81CA2D48800061F45;
			remoteInfo = "004-1";
		};
		672221DE1CA2D48800061F45 /* PBXContainerItemProxy */ = {
			isa = PBXContainerItemProxy;
			containerPortal = 672221B11CA2D48800061F45 /* Project object */;
			proxyType = 1;
			remoteGlobalIDString = 672221B81CA2D48800061F45;
			remoteInfo = "004-1";
		};
/* End PBXContainerItemProxy section */

/* Begin PBXFileReference section */
		672221B91CA2D48800061F45 /* 004-1.app */ = {isa = PBXFileReference; explicitFileType = wrapper.application; includeInIndex = 0; path = "004-1.app"; sourceTree = BUILT_PRODUCTS_DIR; };
		672221BD1CA2D48800061F45 /* main.m */ = {isa = PBXFileReference; lastKnownFileType = sourcecode.c.objc; path = main.m; sourceTree = "<group>"; };
		672221BF1CA2D48800061F45 /* AppDelegate.h */ = {isa = PBXFileReference; lastKnownFileType = sourcecode.c.h; path = AppDelegate.h; sourceTree = "<group>"; };
		672221C01CA2D48800061F45 /* AppDelegate.m */ = {isa = PBXFileReference; lastKnownFileType = sourcecode.c.objc; path = AppDelegate.m; sourceTree = "<group>"; };
		672221C21CA2D48800061F45 /* ViewController.h */ = {isa = PBXFileReference; lastKnownFileType = sourcecode.c.h; path = ViewController.h; sourceTree = "<group>"; };
		672221C31CA2D48800061F45 /* ViewController.m */ = {isa = PBXFileReference; lastKnownFileType = sourcecode.c.objc; path = ViewController.m; sourceTree = "<group>"; };
		672221C61CA2D48800061F45 /* Base */ = {isa = PBXFileReference; lastKnownFileType = file.storyboard; name = Base; path = Base.lproj/Main.storyboard; sourceTree = "<group>"; };
		672221C81CA2D48800061F45 /* Assets.xcassets */ = {isa = PBXFileReference; lastKnownFileType = folder.assetcatalog; path = Assets.xcassets; sourceTree = "<group>"; };
		672221CB1CA2D48800061F45 /* Base */ = {isa = PBXFileReference; lastKnownFileType = file.storyboard; name = Base; path = Base.lproj/LaunchScreen.storyboard; sourceTree = "<group>"; };
		672221CD1CA2D48800061F45 /* Info.plist */ = {isa = PBXFileReference; lastKnownFileType = text.plist.xml; path = Info.plist; sourceTree = "<group>"; };
		672221D21CA2D48800061F45 /* 004-1Tests.xctest */ = {isa = PBXFileReference; explicitFileType = wrapper.cfbundle; includeInIndex = 0; path = "004-1Tests.xctest"; sourceTree = BUILT_PRODUCTS_DIR; };
		672221D61CA2D48800061F45 /* _04_1Tests.m */ = {isa = PBXFileReference; lastKnownFileType = sourcecode.c.objc; path = _04_1Tests.m; sourceTree = "<group>"; };
		672221D81CA2D48800061F45 /* Info.plist */ = {isa = PBXFileReference; lastKnownFileType = text.plist.xml; path = Info.plist; sourceTree = "<group>"; };
		672221DD1CA2D48800061F45 /* 004-1UITests.xctest */ = {isa = PBXFileReference; explicitFileType = wrapper.cfbundle; includeInIndex = 0; path = "004-1UITests.xctest"; sourceTree = BUILT_PRODUCTS_DIR; };
		672221E11CA2D48800061F45 /* _04_1UITests.m */ = {isa = PBXFileReference; lastKnownFileType = sourcecode.c.objc; path = _04_1UITests.m; sourceTree = "<group>"; };
		672221E31CA2D48800061F45 /* Info.plist */ = {isa = PBXFileReference; lastKnownFileType = text.plist.xml; path = Info.plist; sourceTree = "<group>"; };
/* End PBXFileReference section */

/* Begin PBXFrameworksBuildPhase section */
		672221B61CA2D48800061F45 /* Frameworks */ = {
			isa = PBXFrameworksBuildPhase;
			buildActionMask = 2147483647;
			files = (
			);
			runOnlyForDeploymentPostprocessing = 0;
		};
		672221CF1CA2D48800061F45 /* Frameworks */ = {
			isa = PBXFrameworksBuildPhase;
			buildActionMask = 2147483647;
			files = (
			);
			runOnlyForDeploymentPostprocessing = 0;
		};
		672221DA1CA2D48800061F45 /* Frameworks */ = {
			isa = PBXFrameworksBuildPhase;
			buildActionMask = 2147483647;
			files = (
			);
			runOnlyForDeploymentPostprocessing = 0;
		};
/* End PBXFrameworksBuildPhase section */

/* Begin PBXGroup section */
		672221B01CA2D48800061F45 = {
			isa = PBXGroup;
			children = (
				672221BB1CA2D48800061F45 /* 004-1 */,
				672221D51CA2D48800061F45 /* 004-1Tests */,
				672221E01CA2D48800061F45 /* 004-1UITests */,
				672221BA1CA2D48800061F45 /* Products */,
			);
			sourceTree = "<group>";
		};
		672221BA1CA2D48800061F45 /* Products */ = {
			isa = PBXGroup;
			children = (
				672221B91CA2D48800061F45 /* 004-1.app */,
				672221D21CA2D48800061F45 /* 004-1Tests.xctest */,
				672221DD1CA2D48800061F45 /* 004-1UITests.xctest */,
			);
			name = Products;
			sourceTree = "<group>";
		};
		672221BB1CA2D48800061F45 /* 004-1 */ = {
			isa = PBXGroup;
			children = (
				672221BF1CA2D48800061F45 /* AppDelegate.h */,
				672221C01CA2D48800061F45 /* AppDelegate.m */,
				672221C21CA2D48800061F45 /* ViewController.h */,
				672221C31CA2D48800061F45 /* ViewController.m */,
				672221C51CA2D48800061F45 /* Main.storyboard */,
				672221C81CA2D48800061F45 /* Assets.xcassets */,
				672221CA1CA2D48800061F45 /* LaunchScreen.storyboard */,
				672221CD1CA2D48800061F45 /* Info.plist */,
				672221BC1CA2D48800061F45 /* Supporting Files */,
			);
			path = "004-1";
			sourceTree = "<group>";
		};
		672221BC1CA2D48800061F45 /* Supporting Files */ = {
			isa = PBXGroup;
			children = (
				672221BD1CA2D48800061F45 /* main.m */,
			);
			name = "Supporting Files";
			sourceTree = "<group>";
		};
		672221D51CA2D48800061F45 /* 004-1Tests */ = {
			isa = PBXGroup;
			children = (
				672221D61CA2D48800061F45 /* _04_1Tests.m */,
				672221D81CA2D48800061F45 /* Info.plist */,
			);
			path = "004-1Tests";
			sourceTree = "<group>";
		};
		672221E01CA2D48800061F45 /* 004-1UITests */ = {
			isa = PBXGroup;
			children = (
				672221E11CA2D48800061F45 /* _04_1UITests.m */,
				672221E31CA2D48800061F45 /* Info.plist */,
			);
			path = "004-1UITests";
			sourceTree = "<group>";
		};
/* End PBXGroup section */

/* Begin PBXNativeTarget section */
		672221B81CA2D48800061F45 /* 004-1 */ = {
			isa = PBXNativeTarget;
			buildConfigurationList = 672221E61CA2D48800061F45 /* Build configuration list for PBXNativeTarget "004-1" */;
			buildPhases = (
				672221B51CA2D48800061F45 /* Sources */,
				672221B61CA2D48800061F45 /* Frameworks */,
				672221B71CA2D48800061F45 /* Resources */,
			);
			buildRules = (
			);
			dependencies = (
			);
			name = "004-1";
			productName = "004-1";
			productReference = 672221B91CA2D48800061F45 /* 004-1.app */;
			productType = "com.apple.product-type.application";
		};
		672221D11CA2D48800061F45 /* 004-1Tests */ = {
			isa = PBXNativeTarget;
			buildConfigurationList = 672221E91CA2D48800061F45 /* Build configuration list for PBXNativeTarget "004-1Tests" */;
			buildPhases = (
				672221CE1CA2D48800061F45 /* Sources */,
				672221CF1CA2D48800061F45 /* Frameworks */,
				672221D01CA2D48800061F45 /* Resources */,
			);
			buildRules = (
			);
			dependencies = (
				672221D41CA2D48800061F45 /* PBXTargetDependency */,
			);
			name = "004-1Tests";
			productName = "004-1Tests";
			productReference = 672221D21CA2D48800061F45 /* 004-1Tests.xctest */;
			productType = "com.apple.product-type.bundle.unit-test";
		};
		672221DC1CA2D48800061F45 /* 004-1UITests */ = {
			isa = PBXNativeTarget;
			buildConfigurationList = 672221EC1CA2D48800061F45 /* Build configuration list for PBXNativeTarget "004-1UITests" */;
			buildPhases = (
				672221D91CA2D48800061F45 /* Sources */,
				672221DA1CA2D48800061F45 /* Frameworks */,
				672221DB1CA2D48800061F45 /* Resources */,
			);
			buildRules = (
			);
			dependencies = (
				672221DF1CA2D48800061F45 /* PBXTargetDependency */,
			);
			name = "004-1UITests";
			productName = "004-1UITests";
			productReference = 672221DD1CA2D48800061F45 /* 004-1UITests.xctest */;
			productType = "com.apple.product-type.bundle.ui-testing";
		};
/* End PBXNativeTarget section */

/* Begin PBXProject section */
		672221B11CA2D48800061F45 /* Project object */ = {
			isa = PBXProject;
			attributes = {
				LastUpgradeCheck = 0720;
				ORGANIZATIONNAME = zhaoyubo;
				TargetAttributes = {
					672221B81CA2D48800061F45 = {
						CreatedOnToolsVersion = 7.2;
					};
					672221D11CA2D48800061F45 = {
						CreatedOnToolsVersion = 7.2;
						TestTargetID = 672221B81CA2D48800061F45;
					};
					672221DC1CA2D48800061F45 = {
						CreatedOnToolsVersion = 7.2;
						TestTargetID = 672221B81CA2D48800061F45;
					};
				};
			};
			buildConfigurationList = 672221B41CA2D48800061F45 /* Build configuration list for PBXProject "004-1" */;
			compatibilityVersion = "Xcode 3.2";
			developmentRegion = English;
			hasScannedForEncodings = 0;
			knownRegions = (
				en,
				Base,
			);
			mainGroup = 672221B01CA2D48800061F45;
			productRefGroup = 672221BA1CA2D48800061F45 /* Products */;
			projectDirPath = "";
			projectRoot = "";
			targets = (
				672221B81CA2D48800061F45 /* 004-1 */,
				672221D11CA2D48800061F45 /* 004-1Tests */,
				672221DC1CA2D48800061F45 /* 004-1UITests */,
			);
		};
/* End PBXProject section */

/* Begin PBXResourcesBuildPhase section */
		672221B71CA2D48800061F45 /* Resources */ = {
			isa = PBXResourcesBuildPhase;
			buildActionMask = 2147483647;
			files = (
				672221CC1CA2D48800061F45 /* LaunchScreen.storyboard in Resources */,
				672221C91CA2D48800061F45 /* Assets.xcassets in Resources */,
				672221C71CA2D48800061F45 /* Main.storyboard in Resources */,
			);
			runOnlyForDeploymentPostprocessing = 0;
		};
		672221D01CA2D48800061F45 /* Resources */ = {
			isa = PBXResourcesBuildPhase;
			buildActionMask = 2147483647;
			files = (
			);
			runOnlyForDeploymentPostprocessing = 0;
		};
		672221DB1CA2D48800061F45 /* Resources */ = {
			isa = PBXResourcesBuildPhase;
			buildActionMask = 2147483647;
			files = (
			);
			runOnlyForDeploymentPostprocessing = 0;
		};
/* End PBXResourcesBuildPhase section */

/* Begin PBXSourcesBuildPhase section */
		672221B51CA2D48800061F45 /* Sources */ = {
			isa = PBXSourcesBuildPhase;
			buildActionMask = 2147483647;
			files = (
				672221C41CA2D48800061F45 /* ViewController.m in Sources */,
				672221C11CA2D48800061F45 /* AppDelegate.m in Sources */,
				672221BE1CA2D48800061F45 /* main.m in Sources */,
			);
			runOnlyForDeploymentPostprocessing = 0;
		};
		672221CE1CA2D48800061F45 /* Sources */ = {
			isa = PBXSourcesBuildPhase;
			buildActionMask = 2147483647;
			files = (
				672221D71CA2D48800061F45 /* _04_1Tests.m in Sources */,
			);
			runOnlyForDeploymentPostprocessing = 0;
		};
		672221D91CA2D48800061F45 /* Sources */ = {
			isa = PBXSourcesBuildPhase;
			buildActionMask = 2147483647;
			files = (
				672221E21CA2D48800061F45 /* _04_1UITests.m in Sources */,
			);
			runOnlyForDeploymentPostprocessing = 0;
		};
/* End PBXSourcesBuildPhase section */

/* Begin PBXTargetDependency section */
		672221D41CA2D48800061F45 /* PBXTargetDependency */ = {
			isa = PBXTargetDependency;
			target = 672221B81CA2D48800061F45 /* 004-1 */;
			targetProxy = 672221D31CA2D48800061F45 /* PBXContainerItemProxy */;
		};
		672221DF1CA2D48800061F45 /* PBXTargetDependency */ = {
			isa = PBXTargetDependency;
			target = 672221B81CA2D48800061F45 /* 004-1 */;
			targetProxy = 672221DE1CA2D48800061F45 /* PBXContainerItemProxy */;
		};
/* End PBXTargetDependency section */

/* Begin PBXVariantGroup section */
		672221C51CA2D48800061F45 /* Main.storyboard */ = {
			isa = PBXVariantGroup;
			children = (
				672221C61CA2D48800061F45 /* Base */,
			);
			name = Main.storyboard;
			sourceTree = "<group>";
		};
		672221CA1CA2D48800061F45 /* LaunchScreen.storyboard */ = {
			isa = PBXVariantGroup;
			children = (
				672221CB1CA2D48800061F45 /* Base */,
			);
			name = LaunchScreen.storyboard;
			sourceTree = "<group>";
		};
/* End PBXVariantGroup section */

/* Begin XCBuildConfiguration section */
		672221E41CA2D48800061F45 /* Debug */ = {
			isa = XCBuildConfiguration;
			buildSettings = {
				ALWAYS_SEARCH_USER_PATHS = NO;
				CLANG_CXX_LANGUAGE_STANDARD = "gnu++0x";
				CLANG_CXX_LIBRARY = "libc++";
				CLANG_ENABLE_MODULES = YES;
				CLANG_ENABLE_OBJC_ARC = YES;
				CLANG_WARN_BOOL_CONVERSION = YES;
				CLANG_WARN_CONSTANT_CONVERSION = YES;
				CLANG_WARN_DIRECT_OBJC_ISA_USAGE = YES_ERROR;
				CLANG_WARN_EMPTY_BODY = YES;
				CLANG_WARN_ENUM_CONVERSION = YES;
				CLANG_WARN_INT_CONVERSION = YES;
				CLANG_WARN_OBJC_ROOT_CLASS = YES_ERROR;
				CLANG_WARN_UNREACHABLE_CODE = YES;
				CLANG_WARN__DUPLICATE_METHOD_MATCH = YES;
				"CODE_SIGN_IDENTITY[sdk=iphoneos*]" = "iPhone Developer";
				COPY_PHASE_STRIP = NO;
				DEBUG_INFORMATION_FORMAT = dwarf;
				ENABLE_STRICT_OBJC_MSGSEND = YES;
				ENABLE_TESTABILITY = YES;
				GCC_C_LANGUAGE_STANDARD = gnu99;
				GCC_DYNAMIC_NO_PIC = NO;
				GCC_NO_COMMON_BLOCKS = YES;
				GCC_OPTIMIZATION_LEVEL = 0;
				GCC_PREPROCESSOR_DEFINITIONS = (
					"DEBUG=1",
					"$(inherited)",
				);
				GCC_WARN_64_TO_32_BIT_CONVERSION = YES;
				GCC_WARN_ABOUT_RETURN_TYPE = YES_ERROR;
				GCC_WARN_UNDECLARED_SELECTOR = YES;
				GCC_WARN_UNINITIALIZED_AUTOS = YES_AGGRESSIVE;
				GCC_WARN_UNUSED_FUNCTION = YES;
				GCC_WARN_UNUSED_VARIABLE = YES;
				IPHONEOS_DEPLOYMENT_TARGET = 9.2;
				MTL_ENABLE_DEBUG_INFO = YES;
				ONLY_ACTIVE_ARCH = YES;
				SDKROOT = iphoneos;
			};
			name = Debug;
		};
		672221E51CA2D48800061F45 /* Release */ = {
			isa = XCBuildConfiguration;
			buildSettings = {
				ALWAYS_SEARCH_USER_PATHS = NO;
				CLANG_CXX_LANGUAGE_STANDARD = "gnu++0x";
				CLANG_CXX_LIBRARY = "libc++";
				CLANG_ENABLE_MODULES = YES;
				CLANG_ENABLE_OBJC_ARC = YES;
				CLANG_WARN_BOOL_CONVERSION = YES;
				CLANG_WARN_CONSTANT_CONVERSION = YES;
				CLANG_WARN_DIRECT_OBJC_ISA_USAGE = YES_ERROR;
				CLANG_WARN_EMPTY_BODY = YES;
				CLANG_WARN_ENUM_CONVERSION = YES;
				CLANG_WARN_INT_CONVERSION = YES;
				CLANG_WARN_OBJC_ROOT_CLASS = YES_ERROR;
				CLANG_WARN_UNREACHABLE_CODE = YES;
				CLANG_WARN__DUPLICATE_METHOD_MATCH = YES;
				"CODE_SIGN_IDENTITY[sdk=iphoneos*]" = "iPhone Developer";
				COPY_PHASE_STRIP = NO;
				DEBUG_INFORMATION_FORMAT = "dwarf-with-dsym";
				ENABLE_NS_ASSERTIONS = NO;
				ENABLE_STRICT_OBJC_MSGSEND = YES;
				GCC_C_LANGUAGE_STANDARD = gnu99;
				GCC_NO_COMMON_BLOCKS = YES;
				GCC_WARN_64_TO_32_BIT_CONVERSION = YES;
				GCC_WARN_ABOUT_RETURN_TYPE = YES_ERROR;
				GCC_WARN_UNDECLARED_SELECTOR = YES;
				GCC_WARN_UNINITIALIZED_AUTOS = YES_AGGRESSIVE;
				GCC_WARN_UNUSED_FUNCTION = YES;
				GCC_WARN_UNUSED_VARIABLE = YES;
				IPHONEOS_DEPLOYMENT_TARGET = 9.2;
				MTL_ENABLE_DEBUG_INFO = NO;
				SDKROOT = iphoneos;
				VALIDATE_PRODUCT = YES;
			};
			name = Release;
		};
		672221E71CA2D48800061F45 /* Debug */ = {
			isa = XCBuildConfiguration;
			buildSettings = {
				ASSETCATALOG_COMPILER_APPICON_NAME = AppIcon;
				INFOPLIST_FILE = "004-1/Info.plist";
				LD_RUNPATH_SEARCH_PATHS = "$(inherited) @executable_path/Frameworks";
				PRODUCT_BUNDLE_IDENTIFIER = "Try.-04-1";
				PRODUCT_NAME = "$(TARGET_NAME)";
			};
			name = Debug;
		};
		672221E81CA2D48800061F45 /* Release */ = {
			isa = XCBuildConfiguration;
			buildSettings = {
				ASSETCATALOG_COMPILER_APPICON_NAME = AppIcon;
				INFOPLIST_FILE = "004-1/Info.plist";
				LD_RUNPATH_SEARCH_PATHS = "$(inherited) @executable_path/Frameworks";
				PRODUCT_BUNDLE_IDENTIFIER = "Try.-04-1";
				PRODUCT_NAME = "$(TARGET_NAME)";
			};
			name = Release;
		};
		672221EA1CA2D48800061F45 /* Debug */ = {
			isa = XCBuildConfiguration;
			buildSettings = {
				BUNDLE_LOADER = "$(TEST_HOST)";
				INFOPLIST_FILE = "004-1Tests/Info.plist";
				LD_RUNPATH_SEARCH_PATHS = "$(inherited) @executable_path/Frameworks @loader_path/Frameworks";
				PRODUCT_BUNDLE_IDENTIFIER = "Try.-04-1Tests";
				PRODUCT_NAME = "$(TARGET_NAME)";
				TEST_HOST = "$(BUILT_PRODUCTS_DIR)/004-1.app/004-1";
			};
			name = Debug;
		};
		672221EB1CA2D48800061F45 /* Release */ = {
			isa = XCBuildConfiguration;
			buildSettings = {
				BUNDLE_LOADER = "$(TEST_HOST)";
				INFOPLIST_FILE = "004-1Tests/Info.plist";
				LD_RUNPATH_SEARCH_PATHS = "$(inherited) @executable_path/Frameworks @loader_path/Frameworks";
				PRODUCT_BUNDLE_IDENTIFIER = "Try.-04-1Tests";
				PRODUCT_NAME = "$(TARGET_NAME)";
				TEST_HOST = "$(BUILT_PRODUCTS_DIR)/004-1.app/004-1";
			};
			name = Release;
		};
		672221ED1CA2D48800061F45 /* Debug */ = {
			isa = XCBuildConfiguration;
			buildSettings = {
				INFOPLIST_FILE = "004-1UITests/Info.plist";
				LD_RUNPATH_SEARCH_PATHS = "$(inherited) @executable_path/Frameworks @loader_path/Frameworks";
				PRODUCT_BUNDLE_IDENTIFIER = "Try.-04-1UITests";
				PRODUCT_NAME = "$(TARGET_NAME)";
				TEST_TARGET_NAME = "004-1";
				USES_XCTRUNNER = YES;
			};
			name = Debug;
		};
		672221EE1CA2D48800061F45 /* Release */ = {
			isa = XCBuildConfiguration;
			buildSettings = {
				INFOPLIST_FILE = "004-1UITests/Info.plist";
				LD_RUNPATH_SEARCH_PATHS = "$(inherited) @executable_path/Frameworks @loader_path/Frameworks";
				PRODUCT_BUNDLE_IDENTIFIER = "Try.-04-1UITests";
				PRODUCT_NAME = "$(TARGET_NAME)";
				TEST_TARGET_NAME = "004-1";
				USES_XCTRUNNER = YES;
			};
			name = Release;
		};
/* End XCBuildConfiguration section */

/* Begin XCConfigurationList section */
		672221B41CA2D48800061F45 /* Build configuration list for PBXProject "004-1" */ = {
			isa = XCConfigurationList;
			buildConfigurations = (
				672221E41CA2D48800061F45 /* Debug */,
				672221E51CA2D48800061F45 /* Release */,
			);
			defaultConfigurationIsVisible = 0;
			defaultConfigurationName = Release;
		};
		672221E61CA2D48800061F45 /* Build configuration list for PBXNativeTarget "004-1" */ = {
			isa = XCConfigurationList;
			buildConfigurations = (
				672221E71CA2D48800061F45 /* Debug */,
				672221E81CA2D48800061F45 /* Release */,
			);
			defaultConfigurationIsVisible = 0;
		};
		672221E91CA2D48800061F45 /* Build configuration list for PBXNativeTarget "004-1Tests" */ = {
			isa = XCConfigurationList;
			buildConfigurations = (
				672221EA1CA2D48800061F45 /* Debug */,
				672221EB1CA2D48800061F45 /* Release */,
			);
			defaultConfigurationIsVisible = 0;
		};
		672221EC1CA2D48800061F45 /* Build configuration list for PBXNativeTarget "004-1UITests" */ = {
			isa = XCConfigurationList;
			buildConfigurations = (
				672221ED1CA2D48800061F45 /* Debug */,
				672221EE1CA2D48800061F45 /* Release */,
			);
			defaultConfigurationIsVisible = 0;
		};
/* End XCConfigurationList section */
	};
	rootObject = 672221B11CA2D48800061F45 /* Project object */;
}
